
Microsoft Visual Studio Solution File, Format Version 12.00
# Visual Studio 15
VisualStudioVersion = 15.0.27703.2000
MinimumVisualStudioVersion = 10.0.40219.1
Project("{8BC9CEB8-8B4A-11D0-8D11-00A0C91BC942}") = "meow_hash_cpp", "meowhash_cpp\meowhash_cpp.vcxproj", "{D8147003-66A6-468C-A72B-79C3C480CA10}"
EndProject
Global
	GlobalSection(Performance) = preSolution
		HasPerformanceSessions = true
	EndGlobalSection
	GlobalSection(SolutionConfigurationPlatforms) = preSolution
		Debug|x64 = Debug|x64
		Debug|x86 = Debug|x86
		Release|x64 = Release|x64
		Release|x86 = Release|x86
	EndGlobalSection
	GlobalSection(ProjectConfigurationPlatforms) = postSolution
		{D8147003-66A6-468C-A72B-79C3C480CA10}.Debug|x64.ActiveCfg = Debug|x64
		{D8147003-66A6-468C-A72B-79C3C480CA10}.Debug|x64.Build.0 = Debug|x64
		{D8147003-66A6-468C-A72B-79C3C480CA10}.Debug|x86.ActiveCfg = Debug|Win32
		{D8147003-66A6-468C-A72B-79C3C480CA10}.Debug|x86.Build.0 = Debug|Win32
		{D8147003-66A6-468C-A72B-79C3C480CA10}.Release|x64.ActiveCfg = Release|x64
		{D8147003-66A6-468C-A72B-79C3C480CA10}.Release|x64.Build.0 = Release|x64
		{D8147003-66A6-468C-A72B-79C3C480CA10}.Release|x86.ActiveCfg = Release|Win32
		{D8147003-66A6-468C-A72B-79C3C480CA10}.Release|x86.Build.0 = Release|Win32
	EndGlobalSection
	GlobalSection(SolutionProperties) = preSolution
		HideSolutionNode = FALSE
	EndGlobalSection
	GlobalSection(ExtensibilityGlobals) = postSolution
		SolutionGuid = {8EB300F7-E755-4D32-AC6A-5AF858533015}
	EndGlobalSection
EndGlobal
